
Microsoft Visual Studio Solution File, Format Version 12.00
# Visual Studio 14
VisualStudioVersion = 14.0.25420.1
MinimumVisualStudioVersion = 10.0.40219.1
Project("{FAE04EC0-301F-11D3-BF4B-00C04F79EFBC}") = "ServiceServer", "ServiceServe\ServiceServer.csproj", "{05E3DAF3-2222-4240-BDD8-7D7C461A1EA3}"
EndProject
Project("{FAE04EC0-301F-11D3-BF4B-00C04F79EFBC}") = "ServiceClient", "ServiceClient\ServiceClient.csproj", "{F85E348F-FF07-43D2-B1C5-271673CBACBA}"
EndProject
Project("{FAE04EC0-301F-11D3-BF4B-00C04F79EFBC}") = "GuiClient", "GuiClient\GuiClient.csproj", "{FDAD535C-06AB-4E1A-B19B-B3E7197B5399}"
EndProject
Project("{FAE04EC0-301F-11D3-BF4B-00C04F79EFBC}") = "GuiServer", "GuiServe\GuiServer.csproj", "{B4BF8B19-FA3A-40E9-892D-D4A424F01993}"
EndProject
Project("{FAE04EC0-301F-11D3-BF4B-00C04F79EFBC}") = "Lib", "Library\Lib.csproj", "{34F1D368-F08A-4A20-8955-AE38413C661A}"
EndProject
Project("{FAE04EC0-301F-11D3-BF4B-00C04F79EFBC}") = "Tester", "Tester\Tester.csproj", "{44795B8D-3997-436B-BFD8-662D8C81D20A}"
EndProject
Project("{FAE04EC0-301F-11D3-BF4B-00C04F79EFBC}") = "LibClient", "LibClient\LibClient.csproj", "{439DFC43-05E3-4815-8E24-73F74B55CFB7}"
EndProject
Project("{FAE04EC0-301F-11D3-BF4B-00C04F79EFBC}") = "LibServer", "LibServer\LibServer.csproj", "{38483F97-AC04-4D43-BBE6-868400A4543D}"
EndProject
Global
	GlobalSection(SolutionConfigurationPlatforms) = preSolution
		Debug|Any CPU = Debug|Any CPU
		Debug|ARM = Debug|ARM
		Debug|x64 = Debug|x64
		Debug|x86 = Debug|x86
		Release|Any CPU = Release|Any CPU
		Release|ARM = Release|ARM
		Release|x64 = Release|x64
		Release|x86 = Release|x86
	EndGlobalSection
	GlobalSection(ProjectConfigurationPlatforms) = postSolution
		{05E3DAF3-2222-4240-BDD8-7D7C461A1EA3}.Debug|Any CPU.ActiveCfg = Debug|Any CPU
		{05E3DAF3-2222-4240-BDD8-7D7C461A1EA3}.Debug|Any CPU.Build.0 = Debug|Any CPU
		{05E3DAF3-2222-4240-BDD8-7D7C461A1EA3}.Debug|ARM.ActiveCfg = Debug|Any CPU
		{05E3DAF3-2222-4240-BDD8-7D7C461A1EA3}.Debug|ARM.Build.0 = Debug|Any CPU
		{05E3DAF3-2222-4240-BDD8-7D7C461A1EA3}.Debug|x64.ActiveCfg = Debug|Any CPU
		{05E3DAF3-2222-4240-BDD8-7D7C461A1EA3}.Debug|x64.Build.0 = Debug|Any CPU
		{05E3DAF3-2222-4240-BDD8-7D7C461A1EA3}.Debug|x86.ActiveCfg = Debug|Any CPU
		{05E3DAF3-2222-4240-BDD8-7D7C461A1EA3}.Debug|x86.Build.0 = Debug|Any CPU
		{05E3DAF3-2222-4240-BDD8-7D7C461A1EA3}.Release|Any CPU.ActiveCfg = Release|Any CPU
		{05E3DAF3-2222-4240-BDD8-7D7C461A1EA3}.Release|Any CPU.Build.0 = Release|Any CPU
		{05E3DAF3-2222-4240-BDD8-7D7C461A1EA3}.Release|ARM.ActiveCfg = Release|Any CPU
		{05E3DAF3-2222-4240-BDD8-7D7C461A1EA3}.Release|ARM.Build.0 = Release|Any CPU
		{05E3DAF3-2222-4240-BDD8-7D7C461A1EA3}.Release|x64.ActiveCfg = Release|Any CPU
		{05E3DAF3-2222-4240-BDD8-7D7C461A1EA3}.Release|x64.Build.0 = Release|Any CPU
		{05E3DAF3-2222-4240-BDD8-7D7C461A1EA3}.Release|x86.ActiveCfg = Release|Any CPU
		{05E3DAF3-2222-4240-BDD8-7D7C461A1EA3}.Release|x86.Build.0 = Release|Any CPU
		{F85E348F-FF07-43D2-B1C5-271673CBACBA}.Debug|Any CPU.ActiveCfg = Debug|Any CPU
		{F85E348F-FF07-43D2-B1C5-271673CBACBA}.Debug|Any CPU.Build.0 = Debug|Any CPU
		{F85E348F-FF07-43D2-B1C5-271673CBACBA}.Debug|ARM.ActiveCfg = Debug|Any CPU
		{F85E348F-FF07-43D2-B1C5-271673CBACBA}.Debug|ARM.Build.0 = Debug|Any CPU
		{F85E348F-FF07-43D2-B1C5-271673CBACBA}.Debug|x64.ActiveCfg = Debug|Any CPU
		{F85E348F-FF07-43D2-B1C5-271673CBACBA}.Debug|x64.Build.0 = Debug|Any CPU
		{F85E348F-FF07-43D2-B1C5-271673CBACBA}.Debug|x86.ActiveCfg = Debug|Any CPU
		{F85E348F-FF07-43D2-B1C5-271673CBACBA}.Debug|x86.Build.0 = Debug|Any CPU
		{F85E348F-FF07-43D2-B1C5-271673CBACBA}.Release|Any CPU.ActiveCfg = Release|Any CPU
		{F85E348F-FF07-43D2-B1C5-271673CBACBA}.Release|Any CPU.Build.0 = Release|Any CPU
		{F85E348F-FF07-43D2-B1C5-271673CBACBA}.Release|ARM.ActiveCfg = Release|Any CPU
		{F85E348F-FF07-43D2-B1C5-271673CBACBA}.Release|ARM.Build.0 = Release|Any CPU
		{F85E348F-FF07-43D2-B1C5-271673CBACBA}.Release|x64.ActiveCfg = Release|Any CPU
		{F85E348F-FF07-43D2-B1C5-271673CBACBA}.Release|x64.Build.0 = Release|Any CPU
		{F85E348F-FF07-43D2-B1C5-271673CBACBA}.Release|x86.ActiveCfg = Release|Any CPU
		{F85E348F-FF07-43D2-B1C5-271673CBACBA}.Release|x86.Build.0 = Release|Any CPU
		{FDAD535C-06AB-4E1A-B19B-B3E7197B5399}.Debug|Any CPU.ActiveCfg = Debug|Any CPU
		{FDAD535C-06AB-4E1A-B19B-B3E7197B5399}.Debug|Any CPU.Build.0 = Debug|Any CPU
		{FDAD535C-06AB-4E1A-B19B-B3E7197B5399}.Debug|ARM.ActiveCfg = Debug|Any CPU
		{FDAD535C-06AB-4E1A-B19B-B3E7197B5399}.Debug|ARM.Build.0 = Debug|Any CPU
		{FDAD535C-06AB-4E1A-B19B-B3E7197B5399}.Debug|x64.ActiveCfg = Debug|Any CPU
		{FDAD535C-06AB-4E1A-B19B-B3E7197B5399}.Debug|x64.Build.0 = Debug|Any CPU
		{FDAD535C-06AB-4E1A-B19B-B3E7197B5399}.Debug|x86.ActiveCfg = Debug|Any CPU
		{FDAD535C-06AB-4E1A-B19B-B3E7197B5399}.Debug|x86.Build.0 = Debug|Any CPU
		{FDAD535C-06AB-4E1A-B19B-B3E7197B5399}.Release|Any CPU.ActiveCfg = Release|Any CPU
		{FDAD535C-06AB-4E1A-B19B-B3E7197B5399}.Release|Any CPU.Build.0 = Release|Any CPU
		{FDAD535C-06AB-4E1A-B19B-B3E7197B5399}.Release|ARM.ActiveCfg = Release|Any CPU
		{FDAD535C-06AB-4E1A-B19B-B3E7197B5399}.Release|ARM.Build.0 = Release|Any CPU
		{FDAD535C-06AB-4E1A-B19B-B3E7197B5399}.Release|x64.ActiveCfg = Release|Any CPU
		{FDAD535C-06AB-4E1A-B19B-B3E7197B5399}.Release|x64.Build.0 = Release|Any CPU
		{FDAD535C-06AB-4E1A-B19B-B3E7197B5399}.Release|x86.ActiveCfg = Release|Any CPU
		{FDAD535C-06AB-4E1A-B19B-B3E7197B5399}.Release|x86.Build.0 = Release|Any CPU
		{B4BF8B19-FA3A-40E9-892D-D4A424F01993}.Debug|Any CPU.ActiveCfg = Debug|Any CPU
		{B4BF8B19-FA3A-40E9-892D-D4A424F01993}.Debug|Any CPU.Build.0 = Debug|Any CPU
		{B4BF8B19-FA3A-40E9-892D-D4A424F01993}.Debug|ARM.ActiveCfg = Debug|Any CPU
		{B4BF8B19-FA3A-40E9-892D-D4A424F01993}.Debug|ARM.Build.0 = Debug|Any CPU
		{B4BF8B19-FA3A-40E9-892D-D4A424F01993}.Debug|x64.ActiveCfg = Debug|Any CPU
		{B4BF8B19-FA3A-40E9-892D-D4A424F01993}.Debug|x64.Build.0 = Debug|Any CPU
		{B4BF8B19-FA3A-40E9-892D-D4A424F01993}.Debug|x86.ActiveCfg = Debug|Any CPU
		{B4BF8B19-FA3A-40E9-892D-D4A424F01993}.Debug|x86.Build.0 = Debug|Any CPU
		{B4BF8B19-FA3A-40E9-892D-D4A424F01993}.Release|Any CPU.ActiveCfg = Release|Any CPU
		{B4BF8B19-FA3A-40E9-892D-D4A424F01993}.Release|Any CPU.Build.0 = Release|Any CPU
		{B4BF8B19-FA3A-40E9-892D-D4A424F01993}.Release|ARM.ActiveCfg = Release|Any CPU
		{B4BF8B19-FA3A-40E9-892D-D4A424F01993}.Release|ARM.Build.0 = Release|Any CPU
		{B4BF8B19-FA3A-40E9-892D-D4A424F01993}.Release|x64.ActiveCfg = Release|Any CPU
		{B4BF8B19-FA3A-40E9-892D-D4A424F01993}.Release|x64.Build.0 = Release|Any CPU
		{B4BF8B19-FA3A-40E9-892D-D4A424F01993}.Release|x86.ActiveCfg = Release|Any CPU
		{B4BF8B19-FA3A-40E9-892D-D4A424F01993}.Release|x86.Build.0 = Release|Any CPU
		{34F1D368-F08A-4A20-8955-AE38413C661A}.Debug|Any CPU.ActiveCfg = Debug|Any CPU
		{34F1D368-F08A-4A20-8955-AE38413C661A}.Debug|Any CPU.Build.0 = Debug|Any CPU
		{34F1D368-F08A-4A20-8955-AE38413C661A}.Debug|ARM.ActiveCfg = Debug|Any CPU
		{34F1D368-F08A-4A20-8955-AE38413C661A}.Debug|ARM.Build.0 = Debug|Any CPU
		{34F1D368-F08A-4A20-8955-AE38413C661A}.Debug|x64.ActiveCfg = Debug|Any CPU
		{34F1D368-F08A-4A20-8955-AE38413C661A}.Debug|x64.Build.0 = Debug|Any CPU
		{34F1D368-F08A-4A20-8955-AE38413C661A}.Debug|x86.ActiveCfg = Debug|Any CPU
		{34F1D368-F08A-4A20-8955-AE38413C661A}.Debug|x86.Build.0 = Debug|Any CPU
		{34F1D368-F08A-4A20-8955-AE38413C661A}.Release|Any CPU.ActiveCfg = Release|Any CPU
		{34F1D368-F08A-4A20-8955-AE38413C661A}.Release|Any CPU.Build.0 = Release|Any CPU
		{34F1D368-F08A-4A20-8955-AE38413C661A}.Release|ARM.ActiveCfg = Release|Any CPU
		{34F1D368-F08A-4A20-8955-AE38413C661A}.Release|ARM.Build.0 = Release|Any CPU
		{34F1D368-F08A-4A20-8955-AE38413C661A}.Release|x64.ActiveCfg = Release|Any CPU
		{34F1D368-F08A-4A20-8955-AE38413C661A}.Release|x64.Build.0 = Release|Any CPU
		{34F1D368-F08A-4A20-8955-AE38413C661A}.Release|x86.ActiveCfg = Release|Any CPU
		{34F1D368-F08A-4A20-8955-AE38413C661A}.Release|x86.Build.0 = Release|Any CPU
		{44795B8D-3997-436B-BFD8-662D8C81D20A}.Debug|Any CPU.ActiveCfg = Debug|Any CPU
		{44795B8D-3997-436B-BFD8-662D8C81D20A}.Debug|Any CPU.Build.0 = Debug|Any CPU
		{44795B8D-3997-436B-BFD8-662D8C81D20A}.Debug|ARM.ActiveCfg = Debug|Any CPU
		{44795B8D-3997-436B-BFD8-662D8C81D20A}.Debug|ARM.Build.0 = Debug|Any CPU
		{44795B8D-3997-436B-BFD8-662D8C81D20A}.Debug|x64.ActiveCfg = Debug|Any CPU
		{44795B8D-3997-436B-BFD8-662D8C81D20A}.Debug|x64.Build.0 = Debug|Any CPU
		{44795B8D-3997-436B-BFD8-662D8C81D20A}.Debug|x86.ActiveCfg = Debug|Any CPU
		{44795B8D-3997-436B-BFD8-662D8C81D20A}.Debug|x86.Build.0 = Debug|Any CPU
		{44795B8D-3997-436B-BFD8-662D8C81D20A}.Release|Any CPU.ActiveCfg = Release|Any CPU
		{44795B8D-3997-436B-BFD8-662D8C81D20A}.Release|Any CPU.Build.0 = Release|Any CPU
		{44795B8D-3997-436B-BFD8-662D8C81D20A}.Release|ARM.ActiveCfg = Release|Any CPU
		{44795B8D-3997-436B-BFD8-662D8C81D20A}.Release|ARM.Build.0 = Release|Any CPU
		{44795B8D-3997-436B-BFD8-662D8C81D20A}.Release|x64.ActiveCfg = Release|Any CPU
		{44795B8D-3997-436B-BFD8-662D8C81D20A}.Release|x64.Build.0 = Release|Any CPU
		{44795B8D-3997-436B-BFD8-662D8C81D20A}.Release|x86.ActiveCfg = Release|Any CPU
		{44795B8D-3997-436B-BFD8-662D8C81D20A}.Release|x86.Build.0 = Release|Any CPU
		{439DFC43-05E3-4815-8E24-73F74B55CFB7}.Debug|Any CPU.ActiveCfg = Debug|Any CPU
		{439DFC43-05E3-4815-8E24-73F74B55CFB7}.Debug|Any CPU.Build.0 = Debug|Any CPU
		{439DFC43-05E3-4815-8E24-73F74B55CFB7}.Debug|ARM.ActiveCfg = Debug|Any CPU
		{439DFC43-05E3-4815-8E24-73F74B55CFB7}.Debug|ARM.Build.0 = Debug|Any CPU
		{439DFC43-05E3-4815-8E24-73F74B55CFB7}.Debug|x64.ActiveCfg = Debug|Any CPU
		{439DFC43-05E3-4815-8E24-73F74B55CFB7}.Debug|x64.Build.0 = Debug|Any CPU
		{439DFC43-05E3-4815-8E24-73F74B55CFB7}.Debug|x86.ActiveCfg = Debug|Any CPU
		{439DFC43-05E3-4815-8E24-73F74B55CFB7}.Debug|x86.Build.0 = Debug|Any CPU
		{439DFC43-05E3-4815-8E24-73F74B55CFB7}.Release|Any CPU.ActiveCfg = Release|Any CPU
		{439DFC43-05E3-4815-8E24-73F74B55CFB7}.Release|Any CPU.Build.0 = Release|Any CPU
		{439DFC43-05E3-4815-8E24-73F74B55CFB7}.Release|ARM.ActiveCfg = Release|Any CPU
		{439DFC43-05E3-4815-8E24-73F74B55CFB7}.Release|ARM.Build.0 = Release|Any CPU
		{439DFC43-05E3-4815-8E24-73F74B55CFB7}.Release|x64.ActiveCfg = Release|Any CPU
		{439DFC43-05E3-4815-8E24-73F74B55CFB7}.Release|x64.Build.0 = Release|Any CPU
		{439DFC43-05E3-4815-8E24-73F74B55CFB7}.Release|x86.ActiveCfg = Release|Any CPU
		{439DFC43-05E3-4815-8E24-73F74B55CFB7}.Release|x86.Build.0 = Release|Any CPU
		{38483F97-AC04-4D43-BBE6-868400A4543D}.Debug|Any CPU.ActiveCfg = Debug|Any CPU
		{38483F97-AC04-4D43-BBE6-868400A4543D}.Debug|Any CPU.Build.0 = Debug|Any CPU
		{38483F97-AC04-4D43-BBE6-868400A4543D}.Debug|ARM.ActiveCfg = Debug|Any CPU
		{38483F97-AC04-4D43-BBE6-868400A4543D}.Debug|ARM.Build.0 = Debug|Any CPU
		{38483F97-AC04-4D43-BBE6-868400A4543D}.Debug|x64.ActiveCfg = Debug|Any CPU
		{38483F97-AC04-4D43-BBE6-868400A4543D}.Debug|x64.Build.0 = Debug|Any CPU
		{38483F97-AC04-4D43-BBE6-868400A4543D}.Debug|x86.ActiveCfg = Debug|Any CPU
		{38483F97-AC04-4D43-BBE6-868400A4543D}.Debug|x86.Build.0 = Debug|Any CPU
		{38483F97-AC04-4D43-BBE6-868400A4543D}.Release|Any CPU.ActiveCfg = Release|Any CPU
		{38483F97-AC04-4D43-BBE6-868400A4543D}.Release|Any CPU.Build.0 = Release|Any CPU
		{38483F97-AC04-4D43-BBE6-868400A4543D}.Release|ARM.ActiveCfg = Release|Any CPU
		{38483F97-AC04-4D43-BBE6-868400A4543D}.Release|ARM.Build.0 = Release|Any CPU
		{38483F97-AC04-4D43-BBE6-868400A4543D}.Release|x64.ActiveCfg = Release|Any CPU
		{38483F97-AC04-4D43-BBE6-868400A4543D}.Release|x64.Build.0 = Release|Any CPU
		{38483F97-AC04-4D43-BBE6-868400A4543D}.Release|x86.ActiveCfg = Release|Any CPU
		{38483F97-AC04-4D43-BBE6-868400A4543D}.Release|x86.Build.0 = Release|Any CPU
	EndGlobalSection
	GlobalSection(SolutionProperties) = preSolution
		HideSolutionNode = FALSE
	EndGlobalSection
EndGlobal
